
Microsoft Visual Studio Solution File, Format Version 12.00
# Visual Studio Version 17
VisualStudioVersion = 17.13.35931.197 d17.13
MinimumVisualStudioVersion = 10.0.40219.1
Project("{FAE04EC0-301F-11D3-BF4B-00C04F79EFBC}") = "ProjectFitCheck", "ProjectFitCheck\ProjectFitCheck.csproj", "{133B8A28-55DB-4911-800F-595972084607}"
EndProject
Global
	GlobalSection(SolutionConfigurationPlatforms) = preSolution
		Debug|Any CPU = Debug|Any CPU
		Release|Any CPU = Release|Any CPU
	EndGlobalSection
	GlobalSection(ProjectConfigurationPlatforms) = postSolution
		{133B8A28-55DB-4911-800F-595972084607}.Debug|Any CPU.ActiveCfg = Debug|Any CPU
		{133B8A28-55DB-4911-800F-595972084607}.Debug|Any CPU.Build.0 = Debug|Any CPU
		{133B8A28-55DB-4911-800F-595972084607}.Release|Any CPU.ActiveCfg = Release|Any CPU
		{133B8A28-55DB-4911-800F-595972084607}.Release|Any CPU.Build.0 = Release|Any CPU
	EndGlobalSection
	GlobalSection(SolutionProperties) = preSolution
		HideSolutionNode = FALSE
	EndGlobalSection
	GlobalSection(ExtensibilityGlobals) = postSolution
		SolutionGuid = {68ADACEE-8DC9-4B4C-A25B-1FED2EDA8C6E}
	EndGlobalSection
EndGlobal
